
Microsoft Visual Studio Solution File, Format Version 12.00
# Visual Studio Version 17
VisualStudioVersion = 17.12.35707.178
MinimumVisualStudioVersion = 10.0.40219.1
Project("{FAE04EC0-301F-11D3-BF4B-00C04F79EFBC}") = "mapgie.github.io", "mapgie.github.io.csproj", "{1C16F105-BCC3-49A3-A8A7-A5EB1AFA7D0B}"
EndProject
Global
	GlobalSection(SolutionConfigurationPlatforms) = preSolution
		Debug|Any CPU = Debug|Any CPU
		Release|Any CPU = Release|Any CPU
	EndGlobalSection
	GlobalSection(ProjectConfigurationPlatforms) = postSolution
		{1C16F105-BCC3-49A3-A8A7-A5EB1AFA7D0B}.Debug|Any CPU.ActiveCfg = Debug|Any CPU
		{1C16F105-BCC3-49A3-A8A7-A5EB1AFA7D0B}.Debug|Any CPU.Build.0 = Debug|Any CPU
		{1C16F105-BCC3-49A3-A8A7-A5EB1AFA7D0B}.Release|Any CPU.ActiveCfg = Release|Any CPU
		{1C16F105-BCC3-49A3-A8A7-A5EB1AFA7D0B}.Release|Any CPU.Build.0 = Release|Any CPU
	EndGlobalSection
	GlobalSection(SolutionProperties) = preSolution
		HideSolutionNode = FALSE
	EndGlobalSection
	GlobalSection(ExtensibilityGlobals) = postSolution
		SolutionGuid = {3F007F19-3F7C-4356-9C1C-C069A78F3871}
	EndGlobalSection
EndGlobal
